{
  "name": "exapmlepackage",
  "version": "1.0.0",
  "lockfileVersion": 2,
  "requires": true,
  "packages": {
    "": {
      "name": "exapmlepackage",
      "version": "1.0.0",
      "license": "ISC",
      "dependencies": {
        "@kirillkazakoff/ajs": "^1.0.1"
      }
    },
    "node_modules/@kirillkazakoff/ajs": {
      "version": "1.0.1",
      "resolved": "https://npm.pkg.github.com/download/@kirillkazakoff/ajs/1.0.1/4b1369c33dc250ef7094aa9d92b5b125998604d0039714afdc90af8db82e7c44",
      "integrity": "sha512-iD8kIm1s5dhsTHViRFyDTW26an+l4J+bFCwy8lhkiH+0LYch97KZ/WVANqzCYA6p6LeIzI4EMwjxVgRCJehiiw==",
      "license": "ISC"
    }
  },
  "dependencies": {
    "@kirillkazakoff/ajs": {
      "version": "1.0.1",
      "resolved": "https://npm.pkg.github.com/download/@kirillkazakoff/ajs/1.0.1/4b1369c33dc250ef7094aa9d92b5b125998604d0039714afdc90af8db82e7c44",
      "integrity": "sha512-iD8kIm1s5dhsTHViRFyDTW26an+l4J+bFCwy8lhkiH+0LYch97KZ/WVANqzCYA6p6LeIzI4EMwjxVgRCJehiiw=="
    }
  }
}
